
Microsoft Visual Studio Solution File, Format Version 12.00
# Visual Studio Version 16
VisualStudioVersion = 16.0.30523.141
MinimumVisualStudioVersion = 10.0.40219.1
Project("{FAE04EC0-301F-11D3-BF4B-00C04F79EFBC}") = "Tsumugi", "Tsumugi\Tsumugi.csproj", "{94941848-CD2D-4AEA-AC16-94EFE1AA9B4D}"
EndProject
Project("{FAE04EC0-301F-11D3-BF4B-00C04F79EFBC}") = "Tsumugi.Service", "Tsumugi.Service\Tsumugi.Service.csproj", "{70BCF248-B364-4F83-B49D-1A63C97C4AAB}"
EndProject
Project("{2150E333-8FDC-42A3-9474-1A3956D46DE8}") = "Solution Items", "Solution Items", "{889EB04B-CB00-4748-BA3F-C5282DDBBB8F}"
	ProjectSection(SolutionItems) = preProject
		.editorconfig = .editorconfig
	EndProjectSection
EndProject
Global
	GlobalSection(SolutionConfigurationPlatforms) = preSolution
		Debug|Any CPU = Debug|Any CPU
		Release|Any CPU = Release|Any CPU
	EndGlobalSection
	GlobalSection(ProjectConfigurationPlatforms) = postSolution
		{94941848-CD2D-4AEA-AC16-94EFE1AA9B4D}.Debug|Any CPU.ActiveCfg = Debug|Any CPU
		{94941848-CD2D-4AEA-AC16-94EFE1AA9B4D}.Debug|Any CPU.Build.0 = Debug|Any CPU
		{94941848-CD2D-4AEA-AC16-94EFE1AA9B4D}.Release|Any CPU.ActiveCfg = Release|Any CPU
		{94941848-CD2D-4AEA-AC16-94EFE1AA9B4D}.Release|Any CPU.Build.0 = Release|Any CPU
		{70BCF248-B364-4F83-B49D-1A63C97C4AAB}.Debug|Any CPU.ActiveCfg = Debug|Any CPU
		{70BCF248-B364-4F83-B49D-1A63C97C4AAB}.Debug|Any CPU.Build.0 = Debug|Any CPU
		{70BCF248-B364-4F83-B49D-1A63C97C4AAB}.Release|Any CPU.ActiveCfg = Release|Any CPU
		{70BCF248-B364-4F83-B49D-1A63C97C4AAB}.Release|Any CPU.Build.0 = Release|Any CPU
	EndGlobalSection
	GlobalSection(SolutionProperties) = preSolution
		HideSolutionNode = FALSE
	EndGlobalSection
	GlobalSection(ExtensibilityGlobals) = postSolution
		SolutionGuid = {A1DF3A47-5C8D-4DBF-885D-C1FDECA853C3}
	EndGlobalSection
EndGlobal
